// !$*UTF8*$!
{
	archiveVersion = 1;
	classes = {
	};
	objectVersion = 50;
	objects = {

/* Begin PBXBuildFile section */
		5110DBD224953DF100C823BD /* AppDelegate.swift in Sources */ = {isa = PBXBuildFile; fileRef = 5110DBD124953DF100C823BD /* AppDelegate.swift */; };
		5110DBD424953DF100C823BD /* GameScene.sks in Resources */ = {isa = PBXBuildFile; fileRef = 5110DBD324953DF100C823BD /* GameScene.sks */; };
		5110DBD624953DF100C823BD /* Actions.sks in Resources */ = {isa = PBXBuildFile; fileRef = 5110DBD524953DF100C823BD /* Actions.sks */; };
		5110DBD824953DF100C823BD /* GameScene.swift in Sources */ = {isa = PBXBuildFile; fileRef = 5110DBD724953DF100C823BD /* GameScene.swift */; };
		5110DBDA24953DF100C823BD /* GameViewController.swift in Sources */ = {isa = PBXBuildFile; fileRef = 5110DBD924953DF100C823BD /* GameViewController.swift */; };
		5110DBDD24953DF100C823BD /* Main.storyboard in Resources */ = {isa = PBXBuildFile; fileRef = 5110DBDB24953DF100C823BD /* Main.storyboard */; };
		5110DBDF24953DF300C823BD /* Assets.xcassets in Resources */ = {isa = PBXBuildFile; fileRef = 5110DBDE24953DF300C823BD /* Assets.xcassets */; };
		5110DBE224953DF300C823BD /* LaunchScreen.storyboard in Resources */ = {isa = PBXBuildFile; fileRef = 5110DBE024953DF300C823BD /* LaunchScreen.storyboard */; };
		5110DBED24953DF300C823BD /* Coin_TrungTests.swift in Sources */ = {isa = PBXBuildFile; fileRef = 5110DBEC24953DF300C823BD /* Coin_TrungTests.swift */; };
		5110DBF824953DF300C823BD /* Coin_TrungUITests.swift in Sources */ = {isa = PBXBuildFile; fileRef = 5110DBF724953DF300C823BD /* Coin_TrungUITests.swift */; };
/* End PBXBuildFile section */

/* Begin PBXContainerItemProxy section */
		5110DBE924953DF300C823BD /* PBXContainerItemProxy */ = {
			isa = PBXContainerItemProxy;
			containerPortal = 5110DBC624953DF100C823BD /* Project object */;
			proxyType = 1;
			remoteGlobalIDString = 5110DBCD24953DF100C823BD;
			remoteInfo = "Coin Trung";
		};
		5110DBF424953DF300C823BD /* PBXContainerItemProxy */ = {
			isa = PBXContainerItemProxy;
			containerPortal = 5110DBC624953DF100C823BD /* Project object */;
			proxyType = 1;
			remoteGlobalIDString = 5110DBCD24953DF100C823BD;
			remoteInfo = "Coin Trung";
		};
/* End PBXContainerItemProxy section */

/* Begin PBXFileReference section */
		5110DBCE24953DF100C823BD /* Coin Trung.app */ = {isa = PBXFileReference; explicitFileType = wrapper.application; includeInIndex = 0; path = "Coin Trung.app"; sourceTree = BUILT_PRODUCTS_DIR; };
		5110DBD124953DF100C823BD /* AppDelegate.swift */ = {isa = PBXFileReference; lastKnownFileType = sourcecode.swift; path = AppDelegate.swift; sourceTree = "<group>"; };
		5110DBD324953DF100C823BD /* GameScene.sks */ = {isa = PBXFileReference; lastKnownFileType = file.sks; path = GameScene.sks; sourceTree = "<group>"; };
		5110DBD524953DF100C823BD /* Actions.sks */ = {isa = PBXFileReference; lastKnownFileType = file.sks; path = Actions.sks; sourceTree = "<group>"; };
		5110DBD724953DF100C823BD /* GameScene.swift */ = {isa = PBXFileReference; lastKnownFileType = sourcecode.swift; path = GameScene.swift; sourceTree = "<group>"; };
		5110DBD924953DF100C823BD /* GameViewController.swift */ = {isa = PBXFileReference; lastKnownFileType = sourcecode.swift; path = GameViewController.swift; sourceTree = "<group>"; };
		5110DBDC24953DF100C823BD /* Base */ = {isa = PBXFileReference; lastKnownFileType = file.storyboard; name = Base; path = Base.lproj/Main.storyboard; sourceTree = "<group>"; };
		5110DBDE24953DF300C823BD /* Assets.xcassets */ = {isa = PBXFileReference; lastKnownFileType = folder.assetcatalog; path = Assets.xcassets; sourceTree = "<group>"; };
		5110DBE124953DF300C823BD /* Base */ = {isa = PBXFileReference; lastKnownFileType = file.storyboard; name = Base; path = Base.lproj/LaunchScreen.storyboard; sourceTree = "<group>"; };
		5110DBE324953DF300C823BD /* Info.plist */ = {isa = PBXFileReference; lastKnownFileType = text.plist.xml; path = Info.plist; sourceTree = "<group>"; };
		5110DBE824953DF300C823BD /* Coin TrungTests.xctest */ = {isa = PBXFileReference; explicitFileType = wrapper.cfbundle; includeInIndex = 0; path = "Coin TrungTests.xctest"; sourceTree = BUILT_PRODUCTS_DIR; };
		5110DBEC24953DF300C823BD /* Coin_TrungTests.swift */ = {isa = PBXFileReference; lastKnownFileType = sourcecode.swift; path = Coin_TrungTests.swift; sourceTree = "<group>"; };
		5110DBEE24953DF300C823BD /* Info.plist */ = {isa = PBXFileReference; lastKnownFileType = text.plist.xml; path = Info.plist; sourceTree = "<group>"; };
		5110DBF324953DF300C823BD /* Coin TrungUITests.xctest */ = {isa = PBXFileReference; explicitFileType = wrapper.cfbundle; includeInIndex = 0; path = "Coin TrungUITests.xctest"; sourceTree = BUILT_PRODUCTS_DIR; };
		5110DBF724953DF300C823BD /* Coin_TrungUITests.swift */ = {isa = PBXFileReference; lastKnownFileType = sourcecode.swift; path = Coin_TrungUITests.swift; sourceTree = "<group>"; };
		5110DBF924953DF300C823BD /* Info.plist */ = {isa = PBXFileReference; lastKnownFileType = text.plist.xml; path = Info.plist; sourceTree = "<group>"; };
/* End PBXFileReference section */

/* Begin PBXFrameworksBuildPhase section */
		5110DBCB24953DF100C823BD /* Frameworks */ = {
			isa = PBXFrameworksBuildPhase;
			buildActionMask = 2147483647;
			files = (
			);
			runOnlyForDeploymentPostprocessing = 0;
		};
		5110DBE524953DF300C823BD /* Frameworks */ = {
			isa = PBXFrameworksBuildPhase;
			buildActionMask = 2147483647;
			files = (
			);
			runOnlyForDeploymentPostprocessing = 0;
		};
		5110DBF024953DF300C823BD /* Frameworks */ = {
			isa = PBXFrameworksBuildPhase;
			buildActionMask = 2147483647;
			files = (
			);
			runOnlyForDeploymentPostprocessing = 0;
		};
/* End PBXFrameworksBuildPhase section */

/* Begin PBXGroup section */
		5110DBC524953DF100C823BD = {
			isa = PBXGroup;
			children = (
				5110DBD024953DF100C823BD /* Coin Trung */,
				5110DBEB24953DF300C823BD /* Coin TrungTests */,
				5110DBF624953DF300C823BD /* Coin TrungUITests */,
				5110DBCF24953DF100C823BD /* Products */,
			);
			sourceTree = "<group>";
		};
		5110DBCF24953DF100C823BD /* Products */ = {
			isa = PBXGroup;
			children = (
				5110DBCE24953DF100C823BD /* Coin Trung.app */,
				5110DBE824953DF300C823BD /* Coin TrungTests.xctest */,
				5110DBF324953DF300C823BD /* Coin TrungUITests.xctest */,
			);
			name = Products;
			sourceTree = "<group>";
		};
		5110DBD024953DF100C823BD /* Coin Trung */ = {
			isa = PBXGroup;
			children = (
				5110DBD124953DF100C823BD /* AppDelegate.swift */,
				5110DBD324953DF100C823BD /* GameScene.sks */,
				5110DBD524953DF100C823BD /* Actions.sks */,
				5110DBD724953DF100C823BD /* GameScene.swift */,
				5110DBD924953DF100C823BD /* GameViewController.swift */,
				5110DBDB24953DF100C823BD /* Main.storyboard */,
				5110DBDE24953DF300C823BD /* Assets.xcassets */,
				5110DBE024953DF300C823BD /* LaunchScreen.storyboard */,
				5110DBE324953DF300C823BD /* Info.plist */,
			);
			path = "Coin Trung";
			sourceTree = "<group>";
		};
		5110DBEB24953DF300C823BD /* Coin TrungTests */ = {
			isa = PBXGroup;
			children = (
				5110DBEC24953DF300C823BD /* Coin_TrungTests.swift */,
				5110DBEE24953DF300C823BD /* Info.plist */,
			);
			path = "Coin TrungTests";
			sourceTree = "<group>";
		};
		5110DBF624953DF300C823BD /* Coin TrungUITests */ = {
			isa = PBXGroup;
			children = (
				5110DBF724953DF300C823BD /* Coin_TrungUITests.swift */,
				5110DBF924953DF300C823BD /* Info.plist */,
			);
			path = "Coin TrungUITests";
			sourceTree = "<group>";
		};
/* End PBXGroup section */

/* Begin PBXNativeTarget section */
		5110DBCD24953DF100C823BD /* Coin Trung */ = {
			isa = PBXNativeTarget;
			buildConfigurationList = 5110DBFC24953DF300C823BD /* Build configuration list for PBXNativeTarget "Coin Trung" */;
			buildPhases = (
				5110DBCA24953DF100C823BD /* Sources */,
				5110DBCB24953DF100C823BD /* Frameworks */,
				5110DBCC24953DF100C823BD /* Resources */,
			);
			buildRules = (
			);
			dependencies = (
			);
			name = "Coin Trung";
			productName = "Coin Trung";
			productReference = 5110DBCE24953DF100C823BD /* Coin Trung.app */;
			productType = "com.apple.product-type.application";
		};
		5110DBE724953DF300C823BD /* Coin TrungTests */ = {
			isa = PBXNativeTarget;
			buildConfigurationList = 5110DBFF24953DF300C823BD /* Build configuration list for PBXNativeTarget "Coin TrungTests" */;
			buildPhases = (
				5110DBE424953DF300C823BD /* Sources */,
				5110DBE524953DF300C823BD /* Frameworks */,
				5110DBE624953DF300C823BD /* Resources */,
			);
			buildRules = (
			);
			dependencies = (
				5110DBEA24953DF300C823BD /* PBXTargetDependency */,
			);
			name = "Coin TrungTests";
			productName = "Coin TrungTests";
			productReference = 5110DBE824953DF300C823BD /* Coin TrungTests.xctest */;
			productType = "com.apple.product-type.bundle.unit-test";
		};
		5110DBF224953DF300C823BD /* Coin TrungUITests */ = {
			isa = PBXNativeTarget;
			buildConfigurationList = 5110DC0224953DF300C823BD /* Build configuration list for PBXNativeTarget "Coin TrungUITests" */;
			buildPhases = (
				5110DBEF24953DF300C823BD /* Sources */,
				5110DBF024953DF300C823BD /* Frameworks */,
				5110DBF124953DF300C823BD /* Resources */,
			);
			buildRules = (
			);
			dependencies = (
				5110DBF524953DF300C823BD /* PBXTargetDependency */,
			);
			name = "Coin TrungUITests";
			productName = "Coin TrungUITests";
			productReference = 5110DBF324953DF300C823BD /* Coin TrungUITests.xctest */;
			productType = "com.apple.product-type.bundle.ui-testing";
		};
/* End PBXNativeTarget section */

/* Begin PBXProject section */
		5110DBC624953DF100C823BD /* Project object */ = {
			isa = PBXProject;
			attributes = {
				LastSwiftUpdateCheck = 1150;
				LastUpgradeCheck = 1150;
				ORGANIZATIONNAME = TrungLD;
				TargetAttributes = {
					5110DBCD24953DF100C823BD = {
						CreatedOnToolsVersion = 11.5;
					};
					5110DBE724953DF300C823BD = {
						CreatedOnToolsVersion = 11.5;
						TestTargetID = 5110DBCD24953DF100C823BD;
					};
					5110DBF224953DF300C823BD = {
						CreatedOnToolsVersion = 11.5;
						TestTargetID = 5110DBCD24953DF100C823BD;
					};
				};
			};
			buildConfigurationList = 5110DBC924953DF100C823BD /* Build configuration list for PBXProject "Coin Trung" */;
			compatibilityVersion = "Xcode 9.3";
			developmentRegion = en;
			hasScannedForEncodings = 0;
			knownRegions = (
				en,
				Base,
			);
			mainGroup = 5110DBC524953DF100C823BD;
			productRefGroup = 5110DBCF24953DF100C823BD /* Products */;
			projectDirPath = "";
			projectRoot = "";
			targets = (
				5110DBCD24953DF100C823BD /* Coin Trung */,
				5110DBE724953DF300C823BD /* Coin TrungTests */,
				5110DBF224953DF300C823BD /* Coin TrungUITests */,
			);
		};
/* End PBXProject section */

/* Begin PBXResourcesBuildPhase section */
		5110DBCC24953DF100C823BD /* Resources */ = {
			isa = PBXResourcesBuildPhase;
			buildActionMask = 2147483647;
			files = (
				5110DBDD24953DF100C823BD /* Main.storyboard in Resources */,
				5110DBD424953DF100C823BD /* GameScene.sks in Resources */,
				5110DBDF24953DF300C823BD /* Assets.xcassets in Resources */,
				5110DBE224953DF300C823BD /* LaunchScreen.storyboard in Resources */,
				5110DBD624953DF100C823BD /* Actions.sks in Resources */,
			);
			runOnlyForDeploymentPostprocessing = 0;
		};
		5110DBE624953DF300C823BD /* Resources */ = {
			isa = PBXResourcesBuildPhase;
			buildActionMask = 2147483647;
			files = (
			);
			runOnlyForDeploymentPostprocessing = 0;
		};
		5110DBF124953DF300C823BD /* Resources */ = {
			isa = PBXResourcesBuildPhase;
			buildActionMask = 2147483647;
			files = (
			);
			runOnlyForDeploymentPostprocessing = 0;
		};
/* End PBXResourcesBuildPhase section */

/* Begin PBXSourcesBuildPhase section */
		5110DBCA24953DF100C823BD /* Sources */ = {
			isa = PBXSourcesBuildPhase;
			buildActionMask = 2147483647;
			files = (
				5110DBD824953DF100C823BD /* GameScene.swift in Sources */,
				5110DBDA24953DF100C823BD /* GameViewController.swift in Sources */,
				5110DBD224953DF100C823BD /* AppDelegate.swift in Sources */,
			);
			runOnlyForDeploymentPostprocessing = 0;
		};
		5110DBE424953DF300C823BD /* Sources */ = {
			isa = PBXSourcesBuildPhase;
			buildActionMask = 2147483647;
			files = (
				5110DBED24953DF300C823BD /* Coin_TrungTests.swift in Sources */,
			);
			runOnlyForDeploymentPostprocessing = 0;
		};
		5110DBEF24953DF300C823BD /* Sources */ = {
			isa = PBXSourcesBuildPhase;
			buildActionMask = 2147483647;
			files = (
				5110DBF824953DF300C823BD /* Coin_TrungUITests.swift in Sources */,
			);
			runOnlyForDeploymentPostprocessing = 0;
		};
/* End PBXSourcesBuildPhase section */

/* Begin PBXTargetDependency section */
		5110DBEA24953DF300C823BD /* PBXTargetDependency */ = {
			isa = PBXTargetDependency;
			target = 5110DBCD24953DF100C823BD /* Coin Trung */;
			targetProxy = 5110DBE924953DF300C823BD /* PBXContainerItemProxy */;
		};
		5110DBF524953DF300C823BD /* PBXTargetDependency */ = {
			isa = PBXTargetDependency;
			target = 5110DBCD24953DF100C823BD /* Coin Trung */;
			targetProxy = 5110DBF424953DF300C823BD /* PBXContainerItemProxy */;
		};
/* End PBXTargetDependency section */

/* Begin PBXVariantGroup section */
		5110DBDB24953DF100C823BD /* Main.storyboard */ = {
			isa = PBXVariantGroup;
			children = (
				5110DBDC24953DF100C823BD /* Base */,
			);
			name = Main.storyboard;
			sourceTree = "<group>";
		};
		5110DBE024953DF300C823BD /* LaunchScreen.storyboard */ = {
			isa = PBXVariantGroup;
			children = (
				5110DBE124953DF300C823BD /* Base */,
			);
			name = LaunchScreen.storyboard;
			sourceTree = "<group>";
		};
/* End PBXVariantGroup section */

/* Begin XCBuildConfiguration section */
		5110DBFA24953DF300C823BD /* Debug */ = {
			isa = XCBuildConfiguration;
			buildSettings = {
				ALWAYS_SEARCH_USER_PATHS = NO;
				CLANG_ANALYZER_NONNULL = YES;
				CLANG_ANALYZER_NUMBER_OBJECT_CONVERSION = YES_AGGRESSIVE;
				CLANG_CXX_LANGUAGE_STANDARD = "gnu++14";
				CLANG_CXX_LIBRARY = "libc++";
				CLANG_ENABLE_MODULES = YES;
				CLANG_ENABLE_OBJC_ARC = YES;
				CLANG_ENABLE_OBJC_WEAK = YES;
				CLANG_WARN_BLOCK_CAPTURE_AUTORELEASING = YES;
				CLANG_WARN_BOOL_CONVERSION = YES;
				CLANG_WARN_COMMA = YES;
				CLANG_WARN_CONSTANT_CONVERSION = YES;
				CLANG_WARN_DEPRECATED_OBJC_IMPLEMENTATIONS = YES;
				CLANG_WARN_DIRECT_OBJC_ISA_USAGE = YES_ERROR;
				CLANG_WARN_DOCUMENTATION_COMMENTS = YES;
				CLANG_WARN_EMPTY_BODY = YES;
				CLANG_WARN_ENUM_CONVERSION = YES;
				CLANG_WARN_INFINITE_RECURSION = YES;
				CLANG_WARN_INT_CONVERSION = YES;
				CLANG_WARN_NON_LITERAL_NULL_CONVERSION = YES;
				CLANG_WARN_OBJC_IMPLICIT_RETAIN_SELF = YES;
				CLANG_WARN_OBJC_LITERAL_CONVERSION = YES;
				CLANG_WARN_OBJC_ROOT_CLASS = YES_ERROR;
				CLANG_WARN_RANGE_LOOP_ANALYSIS = YES;
				CLANG_WARN_STRICT_PROTOTYPES = YES;
				CLANG_WARN_SUSPICIOUS_MOVE = YES;
				CLANG_WARN_UNGUARDED_AVAILABILITY = YES_AGGRESSIVE;
				CLANG_WARN_UNREACHABLE_CODE = YES;
				CLANG_WARN__DUPLICATE_METHOD_MATCH = YES;
				COPY_PHASE_STRIP = NO;
				DEBUG_INFORMATION_FORMAT = dwarf;
				ENABLE_STRICT_OBJC_MSGSEND = YES;
				ENABLE_TESTABILITY = YES;
				GCC_C_LANGUAGE_STANDARD = gnu11;
				GCC_DYNAMIC_NO_PIC = NO;
				GCC_NO_COMMON_BLOCKS = YES;
				GCC_OPTIMIZATION_LEVEL = 0;
				GCC_PREPROCESSOR_DEFINITIONS = (
					"DEBUG=1",
					"$(inherited)",
				);
				GCC_WARN_64_TO_32_BIT_CONVERSION = YES;
				GCC_WARN_ABOUT_RETURN_TYPE = YES_ERROR;
				GCC_WARN_UNDECLARED_SELECTOR = YES;
				GCC_WARN_UNINITIALIZED_AUTOS = YES_AGGRESSIVE;
				GCC_WARN_UNUSED_FUNCTION = YES;
				GCC_WARN_UNUSED_VARIABLE = YES;
				IPHONEOS_DEPLOYMENT_TARGET = 13.5;
				MTL_ENABLE_DEBUG_INFO = INCLUDE_SOURCE;
				MTL_FAST_MATH = YES;
				ONLY_ACTIVE_ARCH = YES;
				SDKROOT = iphoneos;
				SWIFT_ACTIVE_COMPILATION_CONDITIONS = DEBUG;
				SWIFT_OPTIMIZATION_LEVEL = "-Onone";
			};
			name = Debug;
		};
		5110DBFB24953DF300C823BD /* Release */ = {
			isa = XCBuildConfiguration;
			buildSettings = {
				ALWAYS_SEARCH_USER_PATHS = NO;
				CLANG_ANALYZER_NONNULL = YES;
				CLANG_ANALYZER_NUMBER_OBJECT_CONVERSION = YES_AGGRESSIVE;
				CLANG_CXX_LANGUAGE_STANDARD = "gnu++14";
				CLANG_CXX_LIBRARY = "libc++";
				CLANG_ENABLE_MODULES = YES;
				CLANG_ENABLE_OBJC_ARC = YES;
				CLANG_ENABLE_OBJC_WEAK = YES;
				CLANG_WARN_BLOCK_CAPTURE_AUTORELEASING = YES;
				CLANG_WARN_BOOL_CONVERSION = YES;
				CLANG_WARN_COMMA = YES;
				CLANG_WARN_CONSTANT_CONVERSION = YES;
				CLANG_WARN_DEPRECATED_OBJC_IMPLEMENTATIONS = YES;
				CLANG_WARN_DIRECT_OBJC_ISA_USAGE = YES_ERROR;
				CLANG_WARN_DOCUMENTATION_COMMENTS = YES;
				CLANG_WARN_EMPTY_BODY = YES;
				CLANG_WARN_ENUM_CONVERSION = YES;
				CLANG_WARN_INFINITE_RECURSION = YES;
				CLANG_WARN_INT_CONVERSION = YES;
				CLANG_WARN_NON_LITERAL_NULL_CONVERSION = YES;
				CLANG_WARN_OBJC_IMPLICIT_RETAIN_SELF = YES;
				CLANG_WARN_OBJC_LITERAL_CONVERSION = YES;
				CLANG_WARN_OBJC_ROOT_CLASS = YES_ERROR;
				CLANG_WARN_RANGE_LOOP_ANALYSIS = YES;
				CLANG_WARN_STRICT_PROTOTYPES = YES;
				CLANG_WARN_SUSPICIOUS_MOVE = YES;
				CLANG_WARN_UNGUARDED_AVAILABILITY = YES_AGGRESSIVE;
				CLANG_WARN_UNREACHABLE_CODE = YES;
				CLANG_WARN__DUPLICATE_METHOD_MATCH = YES;
				COPY_PHASE_STRIP = NO;
				DEBUG_INFORMATION_FORMAT = "dwarf-with-dsym";
				ENABLE_NS_ASSERTIONS = NO;
				ENABLE_STRICT_OBJC_MSGSEND = YES;
				GCC_C_LANGUAGE_STANDARD = gnu11;
				GCC_NO_COMMON_BLOCKS = YES;
				GCC_WARN_64_TO_32_BIT_CONVERSION = YES;
				GCC_WARN_ABOUT_RETURN_TYPE = YES_ERROR;
				GCC_WARN_UNDECLARED_SELECTOR = YES;
				GCC_WARN_UNINITIALIZED_AUTOS = YES_AGGRESSIVE;
				GCC_WARN_UNUSED_FUNCTION = YES;
				GCC_WARN_UNUSED_VARIABLE = YES;
				IPHONEOS_DEPLOYMENT_TARGET = 13.5;
				MTL_ENABLE_DEBUG_INFO = NO;
				MTL_FAST_MATH = YES;
				SDKROOT = iphoneos;
				SWIFT_COMPILATION_MODE = wholemodule;
				SWIFT_OPTIMIZATION_LEVEL = "-O";
				VALIDATE_PRODUCT = YES;
			};
			name = Release;
		};
		5110DBFD24953DF300C823BD /* Debug */ = {
			isa = XCBuildConfiguration;
			buildSettings = {
				ASSETCATALOG_COMPILER_APPICON_NAME = AppIcon;
				CODE_SIGN_STYLE = Automatic;
				DEVELOPMENT_TEAM = 7QAVMNKXN5;
				INFOPLIST_FILE = "Coin Trung/Info.plist";
				LD_RUNPATH_SEARCH_PATHS = (
					"$(inherited)",
					"@executable_path/Frameworks",
				);
				PRODUCT_BUNDLE_IDENTIFIER = "trungld.Coin-Trung";
				PRODUCT_NAME = "$(TARGET_NAME)";
				SWIFT_VERSION = 5.0;
				TARGETED_DEVICE_FAMILY = "1,2";
			};
			name = Debug;
		};
		5110DBFE24953DF300C823BD /* Release */ = {
			isa = XCBuildConfiguration;
			buildSettings = {
				ASSETCATALOG_COMPILER_APPICON_NAME = AppIcon;
				CODE_SIGN_STYLE = Automatic;
				DEVELOPMENT_TEAM = 7QAVMNKXN5;
				INFOPLIST_FILE = "Coin Trung/Info.plist";
				LD_RUNPATH_SEARCH_PATHS = (
					"$(inherited)",
					"@executable_path/Frameworks",
				);
				PRODUCT_BUNDLE_IDENTIFIER = "trungld.Coin-Trung";
				PRODUCT_NAME = "$(TARGET_NAME)";
				SWIFT_VERSION = 5.0;
				TARGETED_DEVICE_FAMILY = "1,2";
			};
			name = Release;
		};
		5110DC0024953DF300C823BD /* Debug */ = {
			isa = XCBuildConfiguration;
			buildSettings = {
				ALWAYS_EMBED_SWIFT_STANDARD_LIBRARIES = YES;
				BUNDLE_LOADER = "$(TEST_HOST)";
				CODE_SIGN_STYLE = Automatic;
				DEVELOPMENT_TEAM = 7QAVMNKXN5;
				INFOPLIST_FILE = "Coin TrungTests/Info.plist";
				IPHONEOS_DEPLOYMENT_TARGET = 13.5;
				LD_RUNPATH_SEARCH_PATHS = (
					"$(inherited)",
					"@executable_path/Frameworks",
					"@loader_path/Frameworks",
				);
				PRODUCT_BUNDLE_IDENTIFIER = "trungld.Coin-TrungTests";
				PRODUCT_NAME = "$(TARGET_NAME)";
				SWIFT_VERSION = 5.0;
				TARGETED_DEVICE_FAMILY = "1,2";
				TEST_HOST = "$(BUILT_PRODUCTS_DIR)/Coin Trung.app/Coin Trung";
			};
			name = Debug;
		};
		5110DC0124953DF300C823BD /* Release */ = {
			isa = XCBuildConfiguration;
			buildSettings = {
				ALWAYS_EMBED_SWIFT_STANDARD_LIBRARIES = YES;
				BUNDLE_LOADER = "$(TEST_HOST)";
				CODE_SIGN_STYLE = Automatic;
				DEVELOPMENT_TEAM = 7QAVMNKXN5;
				INFOPLIST_FILE = "Coin TrungTests/Info.plist";
				IPHONEOS_DEPLOYMENT_TARGET = 13.5;
				LD_RUNPATH_SEARCH_PATHS = (
					"$(inherited)",
					"@executable_path/Frameworks",
					"@loader_path/Frameworks",
				);
				PRODUCT_BUNDLE_IDENTIFIER = "trungld.Coin-TrungTests";
				PRODUCT_NAME = "$(TARGET_NAME)";
				SWIFT_VERSION = 5.0;
				TARGETED_DEVICE_FAMILY = "1,2";
				TEST_HOST = "$(BUILT_PRODUCTS_DIR)/Coin Trung.app/Coin Trung";
			};
			name = Release;
		};
		5110DC0324953DF300C823BD /* Debug */ = {
			isa = XCBuildConfiguration;
			buildSettings = {
				ALWAYS_EMBED_SWIFT_STANDARD_LIBRARIES = YES;
				CODE_SIGN_STYLE = Automatic;
				DEVELOPMENT_TEAM = 7QAVMNKXN5;
				INFOPLIST_FILE = "Coin TrungUITests/Info.plist";
				LD_RUNPATH_SEARCH_PATHS = (
					"$(inherited)",
					"@executable_path/Frameworks",
					"@loader_path/Frameworks",
				);
				PRODUCT_BUNDLE_IDENTIFIER = "trungld.Coin-TrungUITests";
				PRODUCT_NAME = "$(TARGET_NAME)";
				SWIFT_VERSION = 5.0;
				TARGETED_DEVICE_FAMILY = "1,2";
				TEST_TARGET_NAME = "Coin Trung";
			};
			name = Debug;
		};
		5110DC0424953DF300C823BD /* Release */ = {
			isa = XCBuildConfiguration;
			buildSettings = {
				ALWAYS_EMBED_SWIFT_STANDARD_LIBRARIES = YES;
				CODE_SIGN_STYLE = Automatic;
				DEVELOPMENT_TEAM = 7QAVMNKXN5;
				INFOPLIST_FILE = "Coin TrungUITests/Info.plist";
				LD_RUNPATH_SEARCH_PATHS = (
					"$(inherited)",
					"@executable_path/Frameworks",
					"@loader_path/Frameworks",
				);
				PRODUCT_BUNDLE_IDENTIFIER = "trungld.Coin-TrungUITests";
				PRODUCT_NAME = "$(TARGET_NAME)";
				SWIFT_VERSION = 5.0;
				TARGETED_DEVICE_FAMILY = "1,2";
				TEST_TARGET_NAME = "Coin Trung";
			};
			name = Release;
		};
/* End XCBuildConfiguration section */

/* Begin XCConfigurationList section */
		5110DBC924953DF100C823BD /* Build configuration list for PBXProject "Coin Trung" */ = {
			isa = XCConfigurationList;
			buildConfigurations = (
				5110DBFA24953DF300C823BD /* Debug */,
				5110DBFB24953DF300C823BD /* Release */,
			);
			defaultConfigurationIsVisible = 0;
			defaultConfigurationName = Release;
		};
		5110DBFC24953DF300C823BD /* Build configuration list for PBXNativeTarget "Coin Trung" */ = {
			isa = XCConfigurationList;
			buildConfigurations = (
				5110DBFD24953DF300C823BD /* Debug */,
				5110DBFE24953DF300C823BD /* Release */,
			);
			defaultConfigurationIsVisible = 0;
			defaultConfigurationName = Release;
		};
		5110DBFF24953DF300C823BD /* Build configuration list for PBXNativeTarget "Coin TrungTests" */ = {
			isa = XCConfigurationList;
			buildConfigurations = (
				5110DC0024953DF300C823BD /* Debug */,
				5110DC0124953DF300C823BD /* Release */,
			);
			defaultConfigurationIsVisible = 0;
			defaultConfigurationName = Release;
		};
		5110DC0224953DF300C823BD /* Build configuration list for PBXNativeTarget "Coin TrungUITests" */ = {
			isa = XCConfigurationList;
			buildConfigurations = (
				5110DC0324953DF300C823BD /* Debug */,
				5110DC0424953DF300C823BD /* Release */,
			);
			defaultConfigurationIsVisible = 0;
			defaultConfigurationName = Release;
		};
/* End XCConfigurationList section */
	};
	rootObject = 5110DBC624953DF100C823BD /* Project object */;
}
